
Microsoft Visual Studio Solution File, Format Version 12.00
# Visual Studio 15
VisualStudioVersion = 15.0.27130.2024
MinimumVisualStudioVersion = 10.0.40219.1
Project("{FAE04EC0-301F-11D3-BF4B-00C04F79EFBC}") = "naviGation.Android", "naviGation\naviGation.Android\naviGation.Android.csproj", "{A535BE89-3B6A-40AF-9CD7-53468EC61AA1}"
EndProject
Project("{FAE04EC0-301F-11D3-BF4B-00C04F79EFBC}") = "naviGation", "naviGation\naviGation\naviGation.csproj", "{897F1F79-02C6-49FA-B585-45CEF112BBA1}"
EndProject
Global
	GlobalSection(SolutionConfigurationPlatforms) = preSolution
		Debug|Any CPU = Debug|Any CPU
		Release|Any CPU = Release|Any CPU
	EndGlobalSection
	GlobalSection(ProjectConfigurationPlatforms) = postSolution
		{A535BE89-3B6A-40AF-9CD7-53468EC61AA1}.Debug|Any CPU.ActiveCfg = Debug|Any CPU
		{A535BE89-3B6A-40AF-9CD7-53468EC61AA1}.Debug|Any CPU.Build.0 = Debug|Any CPU
		{A535BE89-3B6A-40AF-9CD7-53468EC61AA1}.Debug|Any CPU.Deploy.0 = Debug|Any CPU
		{A535BE89-3B6A-40AF-9CD7-53468EC61AA1}.Release|Any CPU.ActiveCfg = Release|Any CPU
		{A535BE89-3B6A-40AF-9CD7-53468EC61AA1}.Release|Any CPU.Build.0 = Release|Any CPU
		{A535BE89-3B6A-40AF-9CD7-53468EC61AA1}.Release|Any CPU.Deploy.0 = Release|Any CPU
		{897F1F79-02C6-49FA-B585-45CEF112BBA1}.Debug|Any CPU.ActiveCfg = Debug|Any CPU
		{897F1F79-02C6-49FA-B585-45CEF112BBA1}.Debug|Any CPU.Build.0 = Debug|Any CPU
		{897F1F79-02C6-49FA-B585-45CEF112BBA1}.Release|Any CPU.ActiveCfg = Release|Any CPU
		{897F1F79-02C6-49FA-B585-45CEF112BBA1}.Release|Any CPU.Build.0 = Release|Any CPU
	EndGlobalSection
	GlobalSection(SolutionProperties) = preSolution
		HideSolutionNode = FALSE
	EndGlobalSection
	GlobalSection(ExtensibilityGlobals) = postSolution
		SolutionGuid = {FF609D1F-0FED-4632-BBED-0191DF0BE874}
	EndGlobalSection
EndGlobal
