
Microsoft Visual Studio Solution File, Format Version 12.00
# Visual Studio 15
VisualStudioVersion = 15.0.27130.2024
MinimumVisualStudioVersion = 10.0.40219.1
Project("{FAE04EC0-301F-11D3-BF4B-00C04F79EFBC}") = "UIproperty.Android", "UIproperty\UIproperty.Android\UIproperty.Android.csproj", "{02852423-3F6C-4BED-B2CC-C963FEDD5F24}"
EndProject
Project("{FAE04EC0-301F-11D3-BF4B-00C04F79EFBC}") = "UIproperty", "UIproperty\UIproperty\UIproperty.csproj", "{5CF13746-7BD2-42F4-8288-CC74B7701CAD}"
EndProject
Global
	GlobalSection(SolutionConfigurationPlatforms) = preSolution
		Debug|Any CPU = Debug|Any CPU
		Release|Any CPU = Release|Any CPU
	EndGlobalSection
	GlobalSection(ProjectConfigurationPlatforms) = postSolution
		{02852423-3F6C-4BED-B2CC-C963FEDD5F24}.Debug|Any CPU.ActiveCfg = Debug|Any CPU
		{02852423-3F6C-4BED-B2CC-C963FEDD5F24}.Debug|Any CPU.Build.0 = Debug|Any CPU
		{02852423-3F6C-4BED-B2CC-C963FEDD5F24}.Debug|Any CPU.Deploy.0 = Debug|Any CPU
		{02852423-3F6C-4BED-B2CC-C963FEDD5F24}.Release|Any CPU.ActiveCfg = Release|Any CPU
		{02852423-3F6C-4BED-B2CC-C963FEDD5F24}.Release|Any CPU.Build.0 = Release|Any CPU
		{02852423-3F6C-4BED-B2CC-C963FEDD5F24}.Release|Any CPU.Deploy.0 = Release|Any CPU
		{5CF13746-7BD2-42F4-8288-CC74B7701CAD}.Debug|Any CPU.ActiveCfg = Debug|Any CPU
		{5CF13746-7BD2-42F4-8288-CC74B7701CAD}.Debug|Any CPU.Build.0 = Debug|Any CPU
		{5CF13746-7BD2-42F4-8288-CC74B7701CAD}.Release|Any CPU.ActiveCfg = Release|Any CPU
		{5CF13746-7BD2-42F4-8288-CC74B7701CAD}.Release|Any CPU.Build.0 = Release|Any CPU
	EndGlobalSection
	GlobalSection(SolutionProperties) = preSolution
		HideSolutionNode = FALSE
	EndGlobalSection
	GlobalSection(ExtensibilityGlobals) = postSolution
		SolutionGuid = {508D186C-E65F-4E6B-AE86-A34C0307F09D}
	EndGlobalSection
EndGlobal
